
Microsoft Visual Studio Solution File, Format Version 12.00
# Visual Studio 14
VisualStudioVersion = 14.0.25420.1
MinimumVisualStudioVersion = 10.0.40219.1
Project("{FAE04EC0-301F-11D3-BF4B-00C04F79EFBC}") = "GLGameApp", "AtlasWarriors\GLGameApp.csproj", "{76F18773-F8F7-4049-8724-A3F94A29425C}"
EndProject
Project("{D954291E-2A0B-460D-934E-DC6B0785DB48}") = "AtlasWarriorsGame", "AtlasWarriorsGame\AtlasWarriorsGame.shproj", "{1D57A419-D529-4578-9672-662B4537BB1A}"
EndProject
Project("{FAE04EC0-301F-11D3-BF4B-00C04F79EFBC}") = "AtlasWarriorsGame.Tests", "AtlasWarriorsGame.Tests\AtlasWarriorsGame.Tests.csproj", "{8EDF4429-251A-416D-BB68-93F227191BCF}"
EndProject
Project("{2150E333-8FDC-42A3-9474-1A3956D46DE8}") = "Solution Items", "Solution Items", "{2AB54F48-7B05-4353-9286-2CA797B1F14A}"
	ProjectSection(SolutionItems) = preProject
		LICENCE.md = LICENCE.md
		Projects.md = Projects.md
		README.md = README.md
		Rules.md = Rules.md
	EndProjectSection
EndProject
Project("{FAE04EC0-301F-11D3-BF4B-00C04F79EFBC}") = "ScreenReaderApp", "ScreenReaderApp\ScreenReaderApp.csproj", "{065D1455-77FE-4863-A034-E13124004778}"
EndProject
Project("{FAE04EC0-301F-11D3-BF4B-00C04F79EFBC}") = "AndroidGameApp", "AndroidGameApp\AndroidGameApp.csproj", "{2FB7FDB9-6298-4FCE-A816-4EA4092DFC56}"
EndProject
Project("{D954291E-2A0B-460D-934E-DC6B0785DB48}") = "MgUiCommon", "MgUiCommon\MgUiCommon.shproj", "{9EBDEE64-6FC9-468B-B93E-468B324F9C58}"
EndProject
Global
	GlobalSection(SharedMSBuildProjectFiles) = preSolution
		AtlasWarriorsGame\AtlasWarriorsGame.projitems*{065d1455-77fe-4863-a034-e13124004778}*SharedItemsImports = 4
		AtlasWarriorsGame\AtlasWarriorsGame.projitems*{1d57a419-d529-4578-9672-662b4537bb1a}*SharedItemsImports = 13
		AtlasWarriorsGame\AtlasWarriorsGame.projitems*{2fb7fdb9-6298-4fce-a816-4ea4092dfc56}*SharedItemsImports = 4
		MgUiCommon\MgUiCommon.projitems*{2fb7fdb9-6298-4fce-a816-4ea4092dfc56}*SharedItemsImports = 4
		AtlasWarriorsGame\AtlasWarriorsGame.projitems*{76f18773-f8f7-4049-8724-a3f94a29425c}*SharedItemsImports = 4
		MgUiCommon\MgUiCommon.projitems*{76f18773-f8f7-4049-8724-a3f94a29425c}*SharedItemsImports = 4
		AtlasWarriorsGame\AtlasWarriorsGame.projitems*{8edf4429-251a-416d-bb68-93f227191bcf}*SharedItemsImports = 4
		MgUiCommon\MgUiCommon.projitems*{9ebdee64-6fc9-468b-b93e-468b324f9c58}*SharedItemsImports = 13
	EndGlobalSection
	GlobalSection(SolutionConfigurationPlatforms) = preSolution
		Debug|Any CPU = Debug|Any CPU
		Release|Any CPU = Release|Any CPU
	EndGlobalSection
	GlobalSection(ProjectConfigurationPlatforms) = postSolution
		{76F18773-F8F7-4049-8724-A3F94A29425C}.Debug|Any CPU.ActiveCfg = Debug|Any CPU
		{76F18773-F8F7-4049-8724-A3F94A29425C}.Debug|Any CPU.Build.0 = Debug|Any CPU
		{76F18773-F8F7-4049-8724-A3F94A29425C}.Release|Any CPU.ActiveCfg = Release|Any CPU
		{76F18773-F8F7-4049-8724-A3F94A29425C}.Release|Any CPU.Build.0 = Release|Any CPU
		{8EDF4429-251A-416D-BB68-93F227191BCF}.Debug|Any CPU.ActiveCfg = Debug|Any CPU
		{8EDF4429-251A-416D-BB68-93F227191BCF}.Debug|Any CPU.Build.0 = Debug|Any CPU
		{8EDF4429-251A-416D-BB68-93F227191BCF}.Release|Any CPU.ActiveCfg = Release|Any CPU
		{8EDF4429-251A-416D-BB68-93F227191BCF}.Release|Any CPU.Build.0 = Release|Any CPU
		{065D1455-77FE-4863-A034-E13124004778}.Debug|Any CPU.ActiveCfg = Debug|Any CPU
		{065D1455-77FE-4863-A034-E13124004778}.Debug|Any CPU.Build.0 = Debug|Any CPU
		{065D1455-77FE-4863-A034-E13124004778}.Release|Any CPU.ActiveCfg = Release|Any CPU
		{065D1455-77FE-4863-A034-E13124004778}.Release|Any CPU.Build.0 = Release|Any CPU
		{2FB7FDB9-6298-4FCE-A816-4EA4092DFC56}.Debug|Any CPU.ActiveCfg = Debug|Any CPU
		{2FB7FDB9-6298-4FCE-A816-4EA4092DFC56}.Debug|Any CPU.Build.0 = Debug|Any CPU
		{2FB7FDB9-6298-4FCE-A816-4EA4092DFC56}.Debug|Any CPU.Deploy.0 = Debug|Any CPU
		{2FB7FDB9-6298-4FCE-A816-4EA4092DFC56}.Release|Any CPU.ActiveCfg = Release|Any CPU
		{2FB7FDB9-6298-4FCE-A816-4EA4092DFC56}.Release|Any CPU.Build.0 = Release|Any CPU
		{2FB7FDB9-6298-4FCE-A816-4EA4092DFC56}.Release|Any CPU.Deploy.0 = Release|Any CPU
	EndGlobalSection
	GlobalSection(SolutionProperties) = preSolution
		HideSolutionNode = FALSE
	EndGlobalSection
EndGlobal
